// !$*UTF8*$!
{
	archiveVersion = 1;
	classes = {
	};
	objectVersion = 46;
	objects = {

/* Begin PBXBuildFile section */
		2725F4021E2541E600D8D8F2 /* AppDelegate.swift in Sources */ = {isa = PBXBuildFile; fileRef = 2725F4011E2541E600D8D8F2 /* AppDelegate.swift */; };
		2725F4041E2541E600D8D8F2 /* ViewController.swift in Sources */ = {isa = PBXBuildFile; fileRef = 2725F4031E2541E600D8D8F2 /* ViewController.swift */; };
		2725F4071E2541E600D8D8F2 /* Main.storyboard in Resources */ = {isa = PBXBuildFile; fileRef = 2725F4051E2541E600D8D8F2 /* Main.storyboard */; };
		2725F4091E2541E600D8D8F2 /* Assets.xcassets in Resources */ = {isa = PBXBuildFile; fileRef = 2725F4081E2541E600D8D8F2 /* Assets.xcassets */; };
		2725F40C1E2541E600D8D8F2 /* LaunchScreen.storyboard in Resources */ = {isa = PBXBuildFile; fileRef = 2725F40A1E2541E600D8D8F2 /* LaunchScreen.storyboard */; };
		2725F4171E2541E700D8D8F2 /* MusicVideoTests.swift in Sources */ = {isa = PBXBuildFile; fileRef = 2725F4161E2541E700D8D8F2 /* MusicVideoTests.swift */; };
		2725F4221E2541E700D8D8F2 /* MusicVideoUITests.swift in Sources */ = {isa = PBXBuildFile; fileRef = 2725F4211E2541E700D8D8F2 /* MusicVideoUITests.swift */; };
/* End PBXBuildFile section */

/* Begin PBXContainerItemProxy section */
		2725F4131E2541E700D8D8F2 /* PBXContainerItemProxy */ = {
			isa = PBXContainerItemProxy;
			containerPortal = 2725F3F61E2541E600D8D8F2 /* Project object */;
			proxyType = 1;
			remoteGlobalIDString = 2725F3FD1E2541E600D8D8F2;
			remoteInfo = MusicVideo;
		};
		2725F41E1E2541E700D8D8F2 /* PBXContainerItemProxy */ = {
			isa = PBXContainerItemProxy;
			containerPortal = 2725F3F61E2541E600D8D8F2 /* Project object */;
			proxyType = 1;
			remoteGlobalIDString = 2725F3FD1E2541E600D8D8F2;
			remoteInfo = MusicVideo;
		};
/* End PBXContainerItemProxy section */

/* Begin PBXFileReference section */
		2725F3FE1E2541E600D8D8F2 /* MusicVideo.app */ = {isa = PBXFileReference; explicitFileType = wrapper.application; includeInIndex = 0; path = MusicVideo.app; sourceTree = BUILT_PRODUCTS_DIR; };
		2725F4011E2541E600D8D8F2 /* AppDelegate.swift */ = {isa = PBXFileReference; lastKnownFileType = sourcecode.swift; path = AppDelegate.swift; sourceTree = "<group>"; };
		2725F4031E2541E600D8D8F2 /* ViewController.swift */ = {isa = PBXFileReference; lastKnownFileType = sourcecode.swift; path = ViewController.swift; sourceTree = "<group>"; };
		2725F4061E2541E600D8D8F2 /* Base */ = {isa = PBXFileReference; lastKnownFileType = file.storyboard; name = Base; path = Base.lproj/Main.storyboard; sourceTree = "<group>"; };
		2725F4081E2541E600D8D8F2 /* Assets.xcassets */ = {isa = PBXFileReference; lastKnownFileType = folder.assetcatalog; path = Assets.xcassets; sourceTree = "<group>"; };
		2725F40B1E2541E600D8D8F2 /* Base */ = {isa = PBXFileReference; lastKnownFileType = file.storyboard; name = Base; path = Base.lproj/LaunchScreen.storyboard; sourceTree = "<group>"; };
		2725F40D1E2541E600D8D8F2 /* Info.plist */ = {isa = PBXFileReference; lastKnownFileType = text.plist.xml; path = Info.plist; sourceTree = "<group>"; };
		2725F4121E2541E700D8D8F2 /* MusicVideoTests.xctest */ = {isa = PBXFileReference; explicitFileType = wrapper.cfbundle; includeInIndex = 0; path = MusicVideoTests.xctest; sourceTree = BUILT_PRODUCTS_DIR; };
		2725F4161E2541E700D8D8F2 /* MusicVideoTests.swift */ = {isa = PBXFileReference; lastKnownFileType = sourcecode.swift; path = MusicVideoTests.swift; sourceTree = "<group>"; };
		2725F4181E2541E700D8D8F2 /* Info.plist */ = {isa = PBXFileReference; lastKnownFileType = text.plist.xml; path = Info.plist; sourceTree = "<group>"; };
		2725F41D1E2541E700D8D8F2 /* MusicVideoUITests.xctest */ = {isa = PBXFileReference; explicitFileType = wrapper.cfbundle; includeInIndex = 0; path = MusicVideoUITests.xctest; sourceTree = BUILT_PRODUCTS_DIR; };
		2725F4211E2541E700D8D8F2 /* MusicVideoUITests.swift */ = {isa = PBXFileReference; lastKnownFileType = sourcecode.swift; path = MusicVideoUITests.swift; sourceTree = "<group>"; };
		2725F4231E2541E700D8D8F2 /* Info.plist */ = {isa = PBXFileReference; lastKnownFileType = text.plist.xml; path = Info.plist; sourceTree = "<group>"; };
/* End PBXFileReference section */

/* Begin PBXFrameworksBuildPhase section */
		2725F3FB1E2541E600D8D8F2 /* Frameworks */ = {
			isa = PBXFrameworksBuildPhase;
			buildActionMask = 2147483647;
			files = (
			);
			runOnlyForDeploymentPostprocessing = 0;
		};
		2725F40F1E2541E700D8D8F2 /* Frameworks */ = {
			isa = PBXFrameworksBuildPhase;
			buildActionMask = 2147483647;
			files = (
			);
			runOnlyForDeploymentPostprocessing = 0;
		};
		2725F41A1E2541E700D8D8F2 /* Frameworks */ = {
			isa = PBXFrameworksBuildPhase;
			buildActionMask = 2147483647;
			files = (
			);
			runOnlyForDeploymentPostprocessing = 0;
		};
/* End PBXFrameworksBuildPhase section */

/* Begin PBXGroup section */
		2725F3F51E2541E600D8D8F2 = {
			isa = PBXGroup;
			children = (
				2725F4001E2541E600D8D8F2 /* MusicVideo */,
				2725F4151E2541E700D8D8F2 /* MusicVideoTests */,
				2725F4201E2541E700D8D8F2 /* MusicVideoUITests */,
				2725F3FF1E2541E600D8D8F2 /* Products */,
			);
			sourceTree = "<group>";
		};
		2725F3FF1E2541E600D8D8F2 /* Products */ = {
			isa = PBXGroup;
			children = (
				2725F3FE1E2541E600D8D8F2 /* MusicVideo.app */,
				2725F4121E2541E700D8D8F2 /* MusicVideoTests.xctest */,
				2725F41D1E2541E700D8D8F2 /* MusicVideoUITests.xctest */,
			);
			name = Products;
			sourceTree = "<group>";
		};
		2725F4001E2541E600D8D8F2 /* MusicVideo */ = {
			isa = PBXGroup;
			children = (
				2725F4321E2545C500D8D8F2 /* Supporting Files */,
				2725F42F1E25457800D8D8F2 /* Model */,
				2725F4301E25458400D8D8F2 /* Controller */,
				2725F4311E2545B300D8D8F2 /* View */,
			);
			path = MusicVideo;
			sourceTree = "<group>";
		};
		2725F4151E2541E700D8D8F2 /* MusicVideoTests */ = {
			isa = PBXGroup;
			children = (
				2725F4161E2541E700D8D8F2 /* MusicVideoTests.swift */,
				2725F4181E2541E700D8D8F2 /* Info.plist */,
			);
			path = MusicVideoTests;
			sourceTree = "<group>";
		};
		2725F4201E2541E700D8D8F2 /* MusicVideoUITests */ = {
			isa = PBXGroup;
			children = (
				2725F4211E2541E700D8D8F2 /* MusicVideoUITests.swift */,
				2725F4231E2541E700D8D8F2 /* Info.plist */,
			);
			path = MusicVideoUITests;
			sourceTree = "<group>";
		};
		2725F42F1E25457800D8D8F2 /* Model */ = {
			isa = PBXGroup;
			children = (
			);
			name = Model;
			sourceTree = "<group>";
		};
		2725F4301E25458400D8D8F2 /* Controller */ = {
			isa = PBXGroup;
			children = (
				2725F4031E2541E600D8D8F2 /* ViewController.swift */,
			);
			name = Controller;
			sourceTree = "<group>";
		};
		2725F4311E2545B300D8D8F2 /* View */ = {
			isa = PBXGroup;
			children = (
				2725F4051E2541E600D8D8F2 /* Main.storyboard */,
				2725F40A1E2541E600D8D8F2 /* LaunchScreen.storyboard */,
			);
			name = View;
			sourceTree = "<group>";
		};
		2725F4321E2545C500D8D8F2 /* Supporting Files */ = {
			isa = PBXGroup;
			children = (
				2725F4081E2541E600D8D8F2 /* Assets.xcassets */,
				2725F40D1E2541E600D8D8F2 /* Info.plist */,
				2725F4011E2541E600D8D8F2 /* AppDelegate.swift */,
			);
			name = "Supporting Files";
			sourceTree = "<group>";
		};
/* End PBXGroup section */

/* Begin PBXNativeTarget section */
		2725F3FD1E2541E600D8D8F2 /* MusicVideo */ = {
			isa = PBXNativeTarget;
			buildConfigurationList = 2725F4261E2541E700D8D8F2 /* Build configuration list for PBXNativeTarget "MusicVideo" */;
			buildPhases = (
				2725F3FA1E2541E600D8D8F2 /* Sources */,
				2725F3FB1E2541E600D8D8F2 /* Frameworks */,
				2725F3FC1E2541E600D8D8F2 /* Resources */,
			);
			buildRules = (
			);
			dependencies = (
			);
			name = MusicVideo;
			productName = MusicVideo;
			productReference = 2725F3FE1E2541E600D8D8F2 /* MusicVideo.app */;
			productType = "com.apple.product-type.application";
		};
		2725F4111E2541E700D8D8F2 /* MusicVideoTests */ = {
			isa = PBXNativeTarget;
			buildConfigurationList = 2725F4291E2541E700D8D8F2 /* Build configuration list for PBXNativeTarget "MusicVideoTests" */;
			buildPhases = (
				2725F40E1E2541E700D8D8F2 /* Sources */,
				2725F40F1E2541E700D8D8F2 /* Frameworks */,
				2725F4101E2541E700D8D8F2 /* Resources */,
			);
			buildRules = (
			);
			dependencies = (
				2725F4141E2541E700D8D8F2 /* PBXTargetDependency */,
			);
			name = MusicVideoTests;
			productName = MusicVideoTests;
			productReference = 2725F4121E2541E700D8D8F2 /* MusicVideoTests.xctest */;
			productType = "com.apple.product-type.bundle.unit-test";
		};
		2725F41C1E2541E700D8D8F2 /* MusicVideoUITests */ = {
			isa = PBXNativeTarget;
			buildConfigurationList = 2725F42C1E2541E700D8D8F2 /* Build configuration list for PBXNativeTarget "MusicVideoUITests" */;
			buildPhases = (
				2725F4191E2541E700D8D8F2 /* Sources */,
				2725F41A1E2541E700D8D8F2 /* Frameworks */,
				2725F41B1E2541E700D8D8F2 /* Resources */,
			);
			buildRules = (
			);
			dependencies = (
				2725F41F1E2541E700D8D8F2 /* PBXTargetDependency */,
			);
			name = MusicVideoUITests;
			productName = MusicVideoUITests;
			productReference = 2725F41D1E2541E700D8D8F2 /* MusicVideoUITests.xctest */;
			productType = "com.apple.product-type.bundle.ui-testing";
		};
/* End PBXNativeTarget section */

/* Begin PBXProject section */
		2725F3F61E2541E600D8D8F2 /* Project object */ = {
			isa = PBXProject;
			attributes = {
				LastSwiftUpdateCheck = 0820;
				LastUpgradeCheck = 0820;
				ORGANIZATIONNAME = "MIKE VERPUCHINSKIY";
				TargetAttributes = {
					2725F3FD1E2541E600D8D8F2 = {
						CreatedOnToolsVersion = 8.2.1;
						DevelopmentTeam = AL6LGVH8QA;
						ProvisioningStyle = Automatic;
					};
					2725F4111E2541E700D8D8F2 = {
						CreatedOnToolsVersion = 8.2.1;
						ProvisioningStyle = Automatic;
						TestTargetID = 2725F3FD1E2541E600D8D8F2;
					};
					2725F41C1E2541E700D8D8F2 = {
						CreatedOnToolsVersion = 8.2.1;
						ProvisioningStyle = Automatic;
						TestTargetID = 2725F3FD1E2541E600D8D8F2;
					};
				};
			};
			buildConfigurationList = 2725F3F91E2541E600D8D8F2 /* Build configuration list for PBXProject "MusicVideo" */;
			compatibilityVersion = "Xcode 3.2";
			developmentRegion = English;
			hasScannedForEncodings = 0;
			knownRegions = (
				en,
				Base,
			);
			mainGroup = 2725F3F51E2541E600D8D8F2;
			productRefGroup = 2725F3FF1E2541E600D8D8F2 /* Products */;
			projectDirPath = "";
			projectRoot = "";
			targets = (
				2725F3FD1E2541E600D8D8F2 /* MusicVideo */,
				2725F4111E2541E700D8D8F2 /* MusicVideoTests */,
				2725F41C1E2541E700D8D8F2 /* MusicVideoUITests */,
			);
		};
/* End PBXProject section */

/* Begin PBXResourcesBuildPhase section */
		2725F3FC1E2541E600D8D8F2 /* Resources */ = {
			isa = PBXResourcesBuildPhase;
			buildActionMask = 2147483647;
			files = (
				2725F40C1E2541E600D8D8F2 /* LaunchScreen.storyboard in Resources */,
				2725F4091E2541E600D8D8F2 /* Assets.xcassets in Resources */,
				2725F4071E2541E600D8D8F2 /* Main.storyboard in Resources */,
			);
			runOnlyForDeploymentPostprocessing = 0;
		};
		2725F4101E2541E700D8D8F2 /* Resources */ = {
			isa = PBXResourcesBuildPhase;
			buildActionMask = 2147483647;
			files = (
			);
			runOnlyForDeploymentPostprocessing = 0;
		};
		2725F41B1E2541E700D8D8F2 /* Resources */ = {
			isa = PBXResourcesBuildPhase;
			buildActionMask = 2147483647;
			files = (
			);
			runOnlyForDeploymentPostprocessing = 0;
		};
/* End PBXResourcesBuildPhase section */

/* Begin PBXSourcesBuildPhase section */
		2725F3FA1E2541E600D8D8F2 /* Sources */ = {
			isa = PBXSourcesBuildPhase;
			buildActionMask = 2147483647;
			files = (
				2725F4041E2541E600D8D8F2 /* ViewController.swift in Sources */,
				2725F4021E2541E600D8D8F2 /* AppDelegate.swift in Sources */,
			);
			runOnlyForDeploymentPostprocessing = 0;
		};
		2725F40E1E2541E700D8D8F2 /* Sources */ = {
			isa = PBXSourcesBuildPhase;
			buildActionMask = 2147483647;
			files = (
				2725F4171E2541E700D8D8F2 /* MusicVideoTests.swift in Sources */,
			);
			runOnlyForDeploymentPostprocessing = 0;
		};
		2725F4191E2541E700D8D8F2 /* Sources */ = {
			isa = PBXSourcesBuildPhase;
			buildActionMask = 2147483647;
			files = (
				2725F4221E2541E700D8D8F2 /* MusicVideoUITests.swift in Sources */,
			);
			runOnlyForDeploymentPostprocessing = 0;
		};
/* End PBXSourcesBuildPhase section */

/* Begin PBXTargetDependency section */
		2725F4141E2541E700D8D8F2 /* PBXTargetDependency */ = {
			isa = PBXTargetDependency;
			target = 2725F3FD1E2541E600D8D8F2 /* MusicVideo */;
			targetProxy = 2725F4131E2541E700D8D8F2 /* PBXContainerItemProxy */;
		};
		2725F41F1E2541E700D8D8F2 /* PBXTargetDependency */ = {
			isa = PBXTargetDependency;
			target = 2725F3FD1E2541E600D8D8F2 /* MusicVideo */;
			targetProxy = 2725F41E1E2541E700D8D8F2 /* PBXContainerItemProxy */;
		};
/* End PBXTargetDependency section */

/* Begin PBXVariantGroup section */
		2725F4051E2541E600D8D8F2 /* Main.storyboard */ = {
			isa = PBXVariantGroup;
			children = (
				2725F4061E2541E600D8D8F2 /* Base */,
			);
			name = Main.storyboard;
			sourceTree = "<group>";
		};
		2725F40A1E2541E600D8D8F2 /* LaunchScreen.storyboard */ = {
			isa = PBXVariantGroup;
			children = (
				2725F40B1E2541E600D8D8F2 /* Base */,
			);
			name = LaunchScreen.storyboard;
			sourceTree = "<group>";
		};
/* End PBXVariantGroup section */

/* Begin XCBuildConfiguration section */
		2725F4241E2541E700D8D8F2 /* Debug */ = {
			isa = XCBuildConfiguration;
			buildSettings = {
				ALWAYS_SEARCH_USER_PATHS = NO;
				CLANG_ANALYZER_NONNULL = YES;
				CLANG_CXX_LANGUAGE_STANDARD = "gnu++0x";
				CLANG_CXX_LIBRARY = "libc++";
				CLANG_ENABLE_MODULES = YES;
				CLANG_ENABLE_OBJC_ARC = YES;
				CLANG_WARN_BOOL_CONVERSION = YES;
				CLANG_WARN_CONSTANT_CONVERSION = YES;
				CLANG_WARN_DIRECT_OBJC_ISA_USAGE = YES_ERROR;
				CLANG_WARN_DOCUMENTATION_COMMENTS = YES;
				CLANG_WARN_EMPTY_BODY = YES;
				CLANG_WARN_ENUM_CONVERSION = YES;
				CLANG_WARN_INFINITE_RECURSION = YES;
				CLANG_WARN_INT_CONVERSION = YES;
				CLANG_WARN_OBJC_ROOT_CLASS = YES_ERROR;
				CLANG_WARN_SUSPICIOUS_MOVE = YES;
				CLANG_WARN_UNREACHABLE_CODE = YES;
				CLANG_WARN__DUPLICATE_METHOD_MATCH = YES;
				"CODE_SIGN_IDENTITY[sdk=iphoneos*]" = "iPhone Developer";
				COPY_PHASE_STRIP = NO;
				DEBUG_INFORMATION_FORMAT = dwarf;
				ENABLE_STRICT_OBJC_MSGSEND = YES;
				ENABLE_TESTABILITY = YES;
				GCC_C_LANGUAGE_STANDARD = gnu99;
				GCC_DYNAMIC_NO_PIC = NO;
				GCC_NO_COMMON_BLOCKS = YES;
				GCC_OPTIMIZATION_LEVEL = 0;
				GCC_PREPROCESSOR_DEFINITIONS = (
					"DEBUG=1",
					"$(inherited)",
				);
				GCC_WARN_64_TO_32_BIT_CONVERSION = YES;
				GCC_WARN_ABOUT_RETURN_TYPE = YES_ERROR;
				GCC_WARN_UNDECLARED_SELECTOR = YES;
				GCC_WARN_UNINITIALIZED_AUTOS = YES_AGGRESSIVE;
				GCC_WARN_UNUSED_FUNCTION = YES;
				GCC_WARN_UNUSED_VARIABLE = YES;
				IPHONEOS_DEPLOYMENT_TARGET = 10.2;
				MTL_ENABLE_DEBUG_INFO = YES;
				ONLY_ACTIVE_ARCH = YES;
				SDKROOT = iphoneos;
				SWIFT_ACTIVE_COMPILATION_CONDITIONS = DEBUG;
				SWIFT_OPTIMIZATION_LEVEL = "-Onone";
				TARGETED_DEVICE_FAMILY = "1,2";
			};
			name = Debug;
		};
		2725F4251E2541E700D8D8F2 /* Release */ = {
			isa = XCBuildConfiguration;
			buildSettings = {
				ALWAYS_SEARCH_USER_PATHS = NO;
				CLANG_ANALYZER_NONNULL = YES;
				CLANG_CXX_LANGUAGE_STANDARD = "gnu++0x";
				CLANG_CXX_LIBRARY = "libc++";
				CLANG_ENABLE_MODULES = YES;
				CLANG_ENABLE_OBJC_ARC = YES;
				CLANG_WARN_BOOL_CONVERSION = YES;
				CLANG_WARN_CONSTANT_CONVERSION = YES;
				CLANG_WARN_DIRECT_OBJC_ISA_USAGE = YES_ERROR;
				CLANG_WARN_DOCUMENTATION_COMMENTS = YES;
				CLANG_WARN_EMPTY_BODY = YES;
				CLANG_WARN_ENUM_CONVERSION = YES;
				CLANG_WARN_INFINITE_RECURSION = YES;
				CLANG_WARN_INT_CONVERSION = YES;
				CLANG_WARN_OBJC_ROOT_CLASS = YES_ERROR;
				CLANG_WARN_SUSPICIOUS_MOVE = YES;
				CLANG_WARN_UNREACHABLE_CODE = YES;
				CLANG_WARN__DUPLICATE_METHOD_MATCH = YES;
				"CODE_SIGN_IDENTITY[sdk=iphoneos*]" = "iPhone Developer";
				COPY_PHASE_STRIP = NO;
				DEBUG_INFORMATION_FORMAT = "dwarf-with-dsym";
				ENABLE_NS_ASSERTIONS = NO;
				ENABLE_STRICT_OBJC_MSGSEND = YES;
				GCC_C_LANGUAGE_STANDARD = gnu99;
				GCC_NO_COMMON_BLOCKS = YES;
				GCC_WARN_64_TO_32_BIT_CONVERSION = YES;
				GCC_WARN_ABOUT_RETURN_TYPE = YES_ERROR;
				GCC_WARN_UNDECLARED_SELECTOR = YES;
				GCC_WARN_UNINITIALIZED_AUTOS = YES_AGGRESSIVE;
				GCC_WARN_UNUSED_FUNCTION = YES;
				GCC_WARN_UNUSED_VARIABLE = YES;
				IPHONEOS_DEPLOYMENT_TARGET = 10.2;
				MTL_ENABLE_DEBUG_INFO = NO;
				SDKROOT = iphoneos;
				SWIFT_OPTIMIZATION_LEVEL = "-Owholemodule";
				TARGETED_DEVICE_FAMILY = "1,2";
				VALIDATE_PRODUCT = YES;
			};
			name = Release;
		};
		2725F4271E2541E700D8D8F2 /* Debug */ = {
			isa = XCBuildConfiguration;
			buildSettings = {
				ASSETCATALOG_COMPILER_APPICON_NAME = AppIcon;
				DEVELOPMENT_TEAM = AL6LGVH8QA;
				INFOPLIST_FILE = MusicVideo/Info.plist;
				LD_RUNPATH_SEARCH_PATHS = "$(inherited) @executable_path/Frameworks";
				PRODUCT_BUNDLE_IDENTIFIER = com.verpuchinskiy.MusicVideo;
				PRODUCT_NAME = "$(TARGET_NAME)";
				SWIFT_VERSION = 3.0;
			};
			name = Debug;
		};
		2725F4281E2541E700D8D8F2 /* Release */ = {
			isa = XCBuildConfiguration;
			buildSettings = {
				ASSETCATALOG_COMPILER_APPICON_NAME = AppIcon;
				DEVELOPMENT_TEAM = AL6LGVH8QA;
				INFOPLIST_FILE = MusicVideo/Info.plist;
				LD_RUNPATH_SEARCH_PATHS = "$(inherited) @executable_path/Frameworks";
				PRODUCT_BUNDLE_IDENTIFIER = com.verpuchinskiy.MusicVideo;
				PRODUCT_NAME = "$(TARGET_NAME)";
				SWIFT_VERSION = 3.0;
			};
			name = Release;
		};
		2725F42A1E2541E700D8D8F2 /* Debug */ = {
			isa = XCBuildConfiguration;
			buildSettings = {
				ALWAYS_EMBED_SWIFT_STANDARD_LIBRARIES = YES;
				BUNDLE_LOADER = "$(TEST_HOST)";
				INFOPLIST_FILE = MusicVideoTests/Info.plist;
				LD_RUNPATH_SEARCH_PATHS = "$(inherited) @executable_path/Frameworks @loader_path/Frameworks";
				PRODUCT_BUNDLE_IDENTIFIER = com.verpuchinskiy.MusicVideoTests;
				PRODUCT_NAME = "$(TARGET_NAME)";
				SWIFT_VERSION = 3.0;
				TEST_HOST = "$(BUILT_PRODUCTS_DIR)/MusicVideo.app/MusicVideo";
			};
			name = Debug;
		};
		2725F42B1E2541E700D8D8F2 /* Release */ = {
			isa = XCBuildConfiguration;
			buildSettings = {
				ALWAYS_EMBED_SWIFT_STANDARD_LIBRARIES = YES;
				BUNDLE_LOADER = "$(TEST_HOST)";
				INFOPLIST_FILE = MusicVideoTests/Info.plist;
				LD_RUNPATH_SEARCH_PATHS = "$(inherited) @executable_path/Frameworks @loader_path/Frameworks";
				PRODUCT_BUNDLE_IDENTIFIER = com.verpuchinskiy.MusicVideoTests;
				PRODUCT_NAME = "$(TARGET_NAME)";
				SWIFT_VERSION = 3.0;
				TEST_HOST = "$(BUILT_PRODUCTS_DIR)/MusicVideo.app/MusicVideo";
			};
			name = Release;
		};
		2725F42D1E2541E700D8D8F2 /* Debug */ = {
			isa = XCBuildConfiguration;
			buildSettings = {
				ALWAYS_EMBED_SWIFT_STANDARD_LIBRARIES = YES;
				INFOPLIST_FILE = MusicVideoUITests/Info.plist;
				LD_RUNPATH_SEARCH_PATHS = "$(inherited) @executable_path/Frameworks @loader_path/Frameworks";
				PRODUCT_BUNDLE_IDENTIFIER = com.verpuchinskiy.MusicVideoUITests;
				PRODUCT_NAME = "$(TARGET_NAME)";
				SWIFT_VERSION = 3.0;
				TEST_TARGET_NAME = MusicVideo;
			};
			name = Debug;
		};
		2725F42E1E2541E700D8D8F2 /* Release */ = {
			isa = XCBuildConfiguration;
			buildSettings = {
				ALWAYS_EMBED_SWIFT_STANDARD_LIBRARIES = YES;
				INFOPLIST_FILE = MusicVideoUITests/Info.plist;
				LD_RUNPATH_SEARCH_PATHS = "$(inherited) @executable_path/Frameworks @loader_path/Frameworks";
				PRODUCT_BUNDLE_IDENTIFIER = com.verpuchinskiy.MusicVideoUITests;
				PRODUCT_NAME = "$(TARGET_NAME)";
				SWIFT_VERSION = 3.0;
				TEST_TARGET_NAME = MusicVideo;
			};
			name = Release;
		};
/* End XCBuildConfiguration section */

/* Begin XCConfigurationList section */
		2725F3F91E2541E600D8D8F2 /* Build configuration list for PBXProject "MusicVideo" */ = {
			isa = XCConfigurationList;
			buildConfigurations = (
				2725F4241E2541E700D8D8F2 /* Debug */,
				2725F4251E2541E700D8D8F2 /* Release */,
			);
			defaultConfigurationIsVisible = 0;
			defaultConfigurationName = Release;
		};
		2725F4261E2541E700D8D8F2 /* Build configuration list for PBXNativeTarget "MusicVideo" */ = {
			isa = XCConfigurationList;
			buildConfigurations = (
				2725F4271E2541E700D8D8F2 /* Debug */,
				2725F4281E2541E700D8D8F2 /* Release */,
			);
			defaultConfigurationIsVisible = 0;
		};
		2725F4291E2541E700D8D8F2 /* Build configuration list for PBXNativeTarget "MusicVideoTests" */ = {
			isa = XCConfigurationList;
			buildConfigurations = (
				2725F42A1E2541E700D8D8F2 /* Debug */,
				2725F42B1E2541E700D8D8F2 /* Release */,
			);
			defaultConfigurationIsVisible = 0;
		};
		2725F42C1E2541E700D8D8F2 /* Build configuration list for PBXNativeTarget "MusicVideoUITests" */ = {
			isa = XCConfigurationList;
			buildConfigurations = (
				2725F42D1E2541E700D8D8F2 /* Debug */,
				2725F42E1E2541E700D8D8F2 /* Release */,
			);
			defaultConfigurationIsVisible = 0;
		};
/* End XCConfigurationList section */
	};
	rootObject = 2725F3F61E2541E600D8D8F2 /* Project object */;
}
